<?xml version="1.0" encoding="utf-8"?><WorkWithObjectsConfig xmlns:xsi="http://www.w3.org/2001/XMLSchema-instance" xmlns:xsd="http://www.w3.org/2001/XMLSchema"><Pattern>Ca</Pattern><Type>*ALL</Type><ShowAll>false</ShowAll><WSObjectsNames /><WSObjectsTypes /><ShowMore>false</ShowMore><Category>*ALL</Category><Parent /><ModifiedBy>false</ModifiedBy><Search /><UserName /><DateTypeFilter /><DateFilter>0001-01-01T00:00:00</DateFilter><ColumnNameSize>156</ColumnNameSize><ColumnTypeSize>155</ColumnTypeSize><ColumnDescriptionSize>156</ColumnDescriptionSize><ColumnDateSize>116</ColumnDateSize><ColumnUserSize>34</ColumnUserSize><ColumnImportDateSize>136</ColumnImportDateSize><ColumnSpecifiedDateSize>55</ColumnSpecifiedDateSize><FormWidth>788</FormWidth><FormHeigth>620</FormHeigth></WorkWithObjectsConfig>