<?xml version="1.0" encoding="utf-8"?><WorkWithAttributesConfig xmlns:xsi="http://www.w3.org/2001/XMLSchema-instance" xmlns:xsd="http://www.w3.org/2001/XMLSchema"><Pattern>categoriasdsc</Pattern><Type /><ShowAll>false</ShowAll><TypeObject /><Object /><ShowMore>false</ShowMore><ColumnNameSize>228</ColumnNameSize><ColumnTypeSize>157</ColumnTypeSize><ColumnDescriptionSize>14</ColumnDescriptionSize><FormWidth>468</FormWidth><FormHeigth>609</FormHeigth></WorkWithAttributesConfig>