<?xml version="1.0" encoding="utf-8"?><WorkWithAttributesConfig xmlns:xsi="http://www.w3.org/2001/XMLSchema-instance" xmlns:xsd="http://www.w3.org/2001/XMLSchema"><Pattern>est</Pattern><Type /><ShowAll>false</ShowAll><TypeObject /><Object /><ShowMore>false</ShowMore><ColumnNameSize>214</ColumnNameSize><ColumnTypeSize>243</ColumnTypeSize><ColumnDescriptionSize>134</ColumnDescriptionSize><FormWidth>657</FormWidth><FormHeigth>600</FormHeigth></WorkWithAttributesConfig>