<?xml version="1.0" encoding="utf-8"?><WorkWithAttributesConfig xmlns:xsi="http://www.w3.org/2001/XMLSchema-instance" xmlns:xsd="http://www.w3.org/2001/XMLSchema"><Pattern /><Type /><ShowAll>false</ShowAll><TypeObject /><Object /><ShowMore>false</ShowMore><ColumnNameSize>106</ColumnNameSize><ColumnTypeSize>143</ColumnTypeSize><ColumnDescriptionSize>128</ColumnDescriptionSize><FormWidth>464</FormWidth><FormHeigth>600</FormHeigth></WorkWithAttributesConfig>