<?xml version="1.0" encoding="utf-8"?><WorkWithObjectsConfig xmlns:xsi="http://www.w3.org/2001/XMLSchema-instance" xmlns:xsd="http://www.w3.org/2001/XMLSchema"><Pattern>esta</Pattern><Type>*ALL</Type><ShowAll>false</ShowAll><WSObjectsNames /><WSObjectsTypes /><ShowMore>false</ShowMore><Category>*ALL</Category><Parent /><ModifiedBy>false</ModifiedBy><Search /><UserName /><DateTypeFilter /><DateFilter>0001-01-01T00:00:00</DateFilter><ColumnNameSize>163</ColumnNameSize><ColumnTypeSize>150</ColumnTypeSize><ColumnDescriptionSize>172</ColumnDescriptionSize><ColumnDateSize>92</ColumnDateSize><ColumnUserSize>66</ColumnUserSize><ColumnImportDateSize>142</ColumnImportDateSize><ColumnSpecifiedDateSize>106</ColumnSpecifiedDateSize><FormWidth>784</FormWidth><FormHeigth>611</FormHeigth></WorkWithObjectsConfig>