<?xml version="1.0" encoding="utf-8"?><WorkWithAttributesConfig xmlns:xsi="http://www.w3.org/2001/XMLSchema-instance" xmlns:xsd="http://www.w3.org/2001/XMLSchema"><Pattern>modelo</Pattern><Type /><ShowAll>false</ShowAll><TypeObject>*ALL</TypeObject><Object /><ShowMore>false</ShowMore><ColumnNameSize>244</ColumnNameSize><ColumnTypeSize>209</ColumnTypeSize><ColumnDescriptionSize>132</ColumnDescriptionSize><FormWidth>657</FormWidth><FormHeigth>600</FormHeigth></WorkWithAttributesConfig>