<?xml version="1.0" encoding="utf-8"?><WorkWithObjectsConfig xmlns:xsi="http://www.w3.org/2001/XMLSchema-instance" xmlns:xsd="http://www.w3.org/2001/XMLSchema"><Pattern /><Type>*ALL</Type><ShowAll>false</ShowAll><WSObjectsNames /><WSObjectsTypes /><ShowMore>false</ShowMore><Category>*ALL</Category><Parent /><ModifiedBy>false</ModifiedBy><Search /><UserName /><DateTypeFilter /><DateFilter>0001-01-01T00:00:00</DateFilter><ColumnNameSize>158</ColumnNameSize><ColumnTypeSize>142</ColumnTypeSize><ColumnDescriptionSize>170</ColumnDescriptionSize><ColumnDateSize>86</ColumnDateSize><ColumnUserSize>66</ColumnUserSize><ColumnImportDateSize>138</ColumnImportDateSize><ColumnSpecifiedDateSize>106</ColumnSpecifiedDateSize><FormWidth>784</FormWidth><FormHeigth>611</FormHeigth></WorkWithObjectsConfig>