<?xml version="1.0" encoding="utf-8"?><WorkWithAttributesConfig xmlns:xsi="http://www.w3.org/2001/XMLSchema-instance" xmlns:xsd="http://www.w3.org/2001/XMLSchema"><Pattern>alma</Pattern><Type /><ShowAll>false</ShowAll><TypeObject /><Object /><ShowMore>false</ShowMore><ColumnNameSize>267</ColumnNameSize><ColumnTypeSize>74</ColumnTypeSize><ColumnDescriptionSize>58</ColumnDescriptionSize><FormWidth>468</FormWidth><FormHeigth>609</FormHeigth></WorkWithAttributesConfig>