<?xml version="1.0" encoding="utf-8"?><WorkWithObjectsConfig xmlns:xsi="http://www.w3.org/2001/XMLSchema-instance" xmlns:xsd="http://www.w3.org/2001/XMLSchema"><Pattern>Cata</Pattern><Type>*Objects</Type><ShowAll>false</ShowAll><WSObjectsNames /><WSObjectsTypes /><ShowMore>false</ShowMore><Category>*ALL</Category><Parent /><ModifiedBy>false</ModifiedBy><Search /><UserName /><DateTypeFilter /><DateFilter>0001-01-01T00:00:00</DateFilter><ColumnNameSize>307</ColumnNameSize><ColumnTypeSize>209</ColumnTypeSize><ColumnDescriptionSize>17</ColumnDescriptionSize><ColumnDateSize>57</ColumnDateSize><ColumnUserSize>52</ColumnUserSize><ColumnImportDateSize>103</ColumnImportDateSize><ColumnSpecifiedDateSize>82</ColumnSpecifiedDateSize><FormWidth>788</FormWidth><FormHeigth>620</FormHeigth></WorkWithObjectsConfig>